
Microsoft Visual Studio Solution File, Format Version 12.00
# Visual Studio 15
VisualStudioVersion = 15.0.28307.1300
MinimumVisualStudioVersion = 10.0.40219.1
Project("{FAE04EC0-301F-11D3-BF4B-00C04F79EFBC}") = "Ad-Flood", "Ad-Flood\Ad-Flood.csproj", "{02B43B1F-6567-4F64-815A-F905AE84F968}"
EndProject
Global
	GlobalSection(SolutionConfigurationPlatforms) = preSolution
		Debug|Any CPU = Debug|Any CPU
		Release|Any CPU = Release|Any CPU
	EndGlobalSection
	GlobalSection(ProjectConfigurationPlatforms) = postSolution
		{02B43B1F-6567-4F64-815A-F905AE84F968}.Debug|Any CPU.ActiveCfg = Debug|Any CPU
		{02B43B1F-6567-4F64-815A-F905AE84F968}.Debug|Any CPU.Build.0 = Debug|Any CPU
		{02B43B1F-6567-4F64-815A-F905AE84F968}.Release|Any CPU.ActiveCfg = Release|Any CPU
		{02B43B1F-6567-4F64-815A-F905AE84F968}.Release|Any CPU.Build.0 = Release|Any CPU
	EndGlobalSection
	GlobalSection(SolutionProperties) = preSolution
		HideSolutionNode = FALSE
	EndGlobalSection
	GlobalSection(ExtensibilityGlobals) = postSolution
		SolutionGuid = {90CD498E-EBEC-4765-846E-54EB96CC34A2}
	EndGlobalSection
EndGlobal
